{
  "version": 4,
  "terraform_version": "1.10.5",
  "serial": 5,
  "lineage": "f5060484-c29d-0c75-d13a-1c558dc46739",
  "outputs": {},
  "resources": [
    {
      "mode": "managed",
      "type": "spotify_playlist",
      "name": "tearraform",
      "provider": "provider[\"registry.terraform.io/conradludgate/spotify\"]",
      "instances": [
        {
          "schema_version": 0,
          "attributes": {
            "description": "",
            "id": "0MQsIt5CHH7go4l1ikfCVk",
            "name": "Tearraform",
            "public": true,
            "snapshot_id": "AAAABJqg+JqujgNAkpmvawdFB/dZ+LxT",
            "tracks": [
              "2plbrEY59IikOBgBGLjaoe",
              "0VjIjW4GlUZAMYd2vXMi3b"
            ]
          },
          "sensitive_attributes": [],
          "private": "bnVsbA=="
        }
      ]
    }
  ],
  "check_results": null
}
